
Microsoft Visual Studio Solution File, Format Version 12.00
# Visual Studio Version 16
VisualStudioVersion = 16.0.29519.87
MinimumVisualStudioVersion = 10.0.40219.1
Project("{9A19103F-16F7-4668-BE54-9A1E7A4F7556}") = "PhrmaInsightCore", "PhrmaInsightCore\PhrmaInsightCore.csproj", "{D0DCAA7B-FCB9-47DF-8681-1B1D55C88936}"
EndProject
Global
	GlobalSection(SolutionConfigurationPlatforms) = preSolution
		Debug|Any CPU = Debug|Any CPU
		Release|Any CPU = Release|Any CPU
	EndGlobalSection
	GlobalSection(ProjectConfigurationPlatforms) = postSolution
		{D0DCAA7B-FCB9-47DF-8681-1B1D55C88936}.Debug|Any CPU.ActiveCfg = Debug|Any CPU
		{D0DCAA7B-FCB9-47DF-8681-1B1D55C88936}.Debug|Any CPU.Build.0 = Debug|Any CPU
		{D0DCAA7B-FCB9-47DF-8681-1B1D55C88936}.Release|Any CPU.ActiveCfg = Release|Any CPU
		{D0DCAA7B-FCB9-47DF-8681-1B1D55C88936}.Release|Any CPU.Build.0 = Release|Any CPU
	EndGlobalSection
	GlobalSection(SolutionProperties) = preSolution
		HideSolutionNode = FALSE
	EndGlobalSection
	GlobalSection(ExtensibilityGlobals) = postSolution
		SolutionGuid = {418633ED-7FEA-47FD-964C-E09F487F6DE5}
	EndGlobalSection
	GlobalSection(TeamFoundationVersionControl) = preSolution
		SccNumberOfProjects = 2
		SccEnterpriseProvider = {4CA58AB2-18FA-4F8D-95D4-32DDF27D184C}
		SccTeamFoundationServer = https://powerbiprodsvc.visualstudio.com/
		SccLocalPath0 = .
		SccProjectUniqueName1 = PhrmaInsightCore\\PhrmaInsightCore.csproj
		SccProjectName1 = PhrmaInsightCore
		SccLocalPath1 = PhrmaInsightCore
	EndGlobalSection
EndGlobal
